{
  "name": "device-knowledge-workspace",
  "version": "0.1.0",
  "lockfileVersion": 3,
  "requires": true,
  "packages": {
    "": {
      "name": "device-knowledge-workspace",
      "version": "0.1.0",
      "license": "MIT",
      "workspaces": [
        "packages/*"
      ],
      "devDependencies": {
        "@types/node": "^25.9.1"
      },
      "engines": {
        "node": ">=22.16.0"
      }
    },
    "../moss/packages/dmoss": {
      "name": "@rdk-moss/core",
      "version": "0.3.8",
      "license": "MIT",
      "devDependencies": {
        "typescript": "^5.7.3"
      },
      "engines": {
        "node": ">=22.16.0"
      }
    },
    "node_modules/@device-knowledge/core": {
      "resolved": "packages/core",
      "link": true
    },
    "node_modules/@device-knowledge/dmoss-adapter": {
      "resolved": "packages/dmoss-adapter",
      "link": true
    },
    "node_modules/@device-knowledge/host-software-knowledge": {
      "resolved": "packages/host-software-knowledge",
      "link": true
    },
    "node_modules/@device-knowledge/jetson-knowledge": {
      "resolved": "packages/jetson-knowledge",
      "link": true
    },
    "node_modules/@device-knowledge/rdk-knowledge": {
      "resolved": "packages/rdk-knowledge",
      "link": true
    },
    "node_modules/@device-knowledge/rk-knowledge": {
      "resolved": "packages/rk-knowledge",
      "link": true
    },
    "node_modules/@device-knowledge/rpi-knowledge": {
      "resolved": "packages/rpi-knowledge",
      "link": true
    },
    "node_modules/@rdk-moss/core": {
      "resolved": "../moss/packages/dmoss",
      "link": true
    },
    "node_modules/@types/node": {
      "version": "25.9.1",
      "resolved": "https://registry.npmjs.org/@types/node/-/node-25.9.1.tgz",
      "integrity": "sha512-xfrlY7UD5rMJk3ZVJP8BNzS28J36YJg+xp+LPXV1TdWxr8uMH5A860QNxYDGQe/ylDSgjxE52Q9VnO7p75tJxg==",
      "dev": true,
      "license": "MIT",
      "dependencies": {
        "undici-types": ">=7.24.0 <7.24.7"
      }
    },
    "node_modules/typescript": {
      "version": "5.9.3",
      "resolved": "https://registry.npmjs.org/typescript/-/typescript-5.9.3.tgz",
      "integrity": "sha512-jl1vZzPDinLr9eUt3J/t7V6FgNEw9QjvBPdysz9KfQDD41fQrC2Y4vKQdiaUpFT4bXlb1RHhLpp8wtm6M5TgSw==",
      "dev": true,
      "license": "Apache-2.0",
      "bin": {
        "tsc": "bin/tsc",
        "tsserver": "bin/tsserver"
      },
      "engines": {
        "node": ">=14.17"
      }
    },
    "node_modules/undici-types": {
      "version": "7.24.6",
      "resolved": "https://registry.npmjs.org/undici-types/-/undici-types-7.24.6.tgz",
      "integrity": "sha512-WRNW+sJgj5OBN4/0JpHFqtqzhpbnV0GuB+OozA9gCL7a993SmU+1JBZCzLNxYsbMfIeDL+lTsphD5jN5N+n0zg==",
      "dev": true,
      "license": "MIT"
    },
    "packages/core": {
      "name": "@device-knowledge/core",
      "version": "0.1.0",
      "license": "MIT",
      "devDependencies": {
        "typescript": "^5.7.3"
      },
      "engines": {
        "node": ">=22.16.0"
      }
    },
    "packages/dmoss-adapter": {
      "name": "@device-knowledge/dmoss-adapter",
      "version": "0.1.0",
      "license": "MIT",
      "dependencies": {
        "@device-knowledge/core": "0.1.0",
        "@rdk-moss/core": "file:../../../moss/packages/dmoss"
      },
      "devDependencies": {
        "typescript": "^5.7.3"
      },
      "engines": {
        "node": ">=22.16.0"
      }
    },
    "packages/host-software-knowledge": {
      "name": "@device-knowledge/host-software-knowledge",
      "version": "0.1.0",
      "license": "MIT",
      "dependencies": {
        "@device-knowledge/core": "0.1.0"
      },
      "devDependencies": {
        "@device-knowledge/dmoss-adapter": "0.1.0",
        "typescript": "^5.7.3"
      },
      "engines": {
        "node": ">=22.16.0"
      }
    },
    "packages/jetson-knowledge": {
      "name": "@device-knowledge/jetson-knowledge",
      "version": "0.1.0",
      "license": "MIT",
      "dependencies": {
        "@device-knowledge/core": "0.1.0"
      },
      "devDependencies": {
        "@device-knowledge/dmoss-adapter": "0.1.0",
        "typescript": "^5.7.3"
      },
      "engines": {
        "node": ">=22.16.0"
      }
    },
    "packages/rdk-knowledge": {
      "name": "@device-knowledge/rdk-knowledge",
      "version": "0.1.0",
      "license": "MIT",
      "dependencies": {
        "@device-knowledge/core": "0.1.0"
      },
      "devDependencies": {
        "@device-knowledge/dmoss-adapter": "0.1.0",
        "typescript": "^5.7.3"
      },
      "engines": {
        "node": ">=22.16.0"
      }
    },
    "packages/rk-knowledge": {
      "name": "@device-knowledge/rk-knowledge",
      "version": "0.1.0",
      "license": "MIT",
      "dependencies": {
        "@device-knowledge/core": "0.1.0"
      },
      "devDependencies": {
        "@device-knowledge/dmoss-adapter": "0.1.0",
        "typescript": "^5.7.3"
      },
      "engines": {
        "node": ">=22.16.0"
      }
    },
    "packages/rpi-knowledge": {
      "name": "@device-knowledge/rpi-knowledge",
      "version": "0.1.0",
      "license": "MIT",
      "dependencies": {
        "@device-knowledge/core": "0.1.0"
      },
      "devDependencies": {
        "@device-knowledge/dmoss-adapter": "0.1.0",
        "typescript": "^5.7.3"
      },
      "engines": {
        "node": ">=22.16.0"
      }
    }
  }
}
